# This file is autogenerated, do not edit; changes may be undone by the next 'dep ensure'.


[[projects]]
  branch = "master"
  digest = "1:594d43ff5b7e5d1cd8b389cb3912eff5b6eeb80a85980455f7f985723f59c3a6"
  name = "github.com/mimir-news/pkg"
  packages = ["id"]
  pruneopts = "UT"
  revision = "e2fb2e5b714a85b8893766140deabd3e151e6b3e"

[[projects]]
  digest = "1:274f67cb6fed9588ea2521ecdac05a6d62a8c51c074c1fccc6a49a40ba80e925"
  name = "github.com/satori/go.uuid"
  packages = ["."]
  pruneopts = "UT"
  revision = "f58768cc1a7a7e77a3bd49e98cdd21419399b6a3"
  version = "v1.2.0"

[solve-meta]
  analyzer-name = "dep"
  analyzer-version = 1
  input-imports = ["github.com/mimir-news/pkg/id"]
  solver-name = "gps-cdcl"
  solver-version = 1
